
Microsoft Visual Studio Solution File, Format Version 12.00
Project("{FAE04EC0-301F-11D3-BF4B-00C04F79EFBC}") = "JeremySnyder.Security", "JeremySnyder.Security\JeremySnyder.Security.csproj", "{194A0371-46A4-40E2-9133-96CB06C7C998}"
EndProject
Project("{FAE04EC0-301F-11D3-BF4B-00C04F79EFBC}") = "JeremySnyder.Common", "JeremySnyder.Common\JeremySnyder.Common.csproj", "{6A38BEDE-CC70-4E1C-B614-3E98B05CF9A4}"
EndProject
Project("{FAE04EC0-301F-11D3-BF4B-00C04F79EFBC}") = "Database.MySQL", "Database.MySQL\Database.MySQL.csproj", "{6FA4D165-8078-42BD-BE6D-FF8CD66157A4}"
EndProject
Project("{FAE04EC0-301F-11D3-BF4B-00C04F79EFBC}") = "JeremySnyder.Shared.Data", "JeremySnyder.Shared.Data\JeremySnyder.Shared.Data.csproj", "{5A52EEDB-32BD-40D4-8975-B66533A2EDB4}"
EndProject
Project("{FAE04EC0-301F-11D3-BF4B-00C04F79EFBC}") = "JeremySnyder.Security.UnitTests", "JeremySnyder.Security.UnitTests\JeremySnyder.Security.UnitTests.csproj", "{947E26D5-60AA-408E-B131-A62309294DE4}"
EndProject
Project("{FAE04EC0-301F-11D3-BF4B-00C04F79EFBC}") = "JeremySnyder.Example.Web", "JeremySnyder.Example.Web\JeremySnyder.Example.Web.csproj", "{08CE7F9B-91BC-4EB3-84BF-11E93E9C8409}"
EndProject
Project("{2150E333-8FDC-42A3-9474-1A3956D46DE8}") = "Data Access Layer", "Data Access Layer", "{4E3B540B-41A4-4683-B65E-70AA390E283E}"
EndProject
Project("{2150E333-8FDC-42A3-9474-1A3956D46DE8}") = "Business Layers", "Business Layers", "{045A63C9-93F3-488F-9A48-C4B96A344687}"
EndProject
Project("{2150E333-8FDC-42A3-9474-1A3956D46DE8}") = "Framework", "Framework", "{805C124A-7F4A-4C86-AB5C-472ED6046B1E}"
EndProject
Project("{2150E333-8FDC-42A3-9474-1A3956D46DE8}") = "Database", "Database", "{01833B00-4EAB-4443-BBD9-55E5D021D5A5}"
EndProject
Project("{2150E333-8FDC-42A3-9474-1A3956D46DE8}") = "Unit Tests", "Unit Tests", "{ED4C65CF-9114-4D96-837C-2FCFCD29D88C}"
EndProject
Project("{2150E333-8FDC-42A3-9474-1A3956D46DE8}") = "Web", "Web", "{0695E4A0-4A1B-4CAB-8495-B9405A129D73}"
EndProject
Project("{FAE04EC0-301F-11D3-BF4B-00C04F79EFBC}") = "JeremySnyder.Common.Web", "JeremySnyder.Common.Web\JeremySnyder.Common.Web.csproj", "{C12E47D0-A533-4B97-851D-84F61C28E89E}"
EndProject
Global
	GlobalSection(SolutionConfigurationPlatforms) = preSolution
		Debug|Any CPU = Debug|Any CPU
		Release|Any CPU = Release|Any CPU
	EndGlobalSection
	GlobalSection(ProjectConfigurationPlatforms) = postSolution
		{194A0371-46A4-40E2-9133-96CB06C7C998}.Debug|Any CPU.ActiveCfg = Debug|Any CPU
		{194A0371-46A4-40E2-9133-96CB06C7C998}.Debug|Any CPU.Build.0 = Debug|Any CPU
		{194A0371-46A4-40E2-9133-96CB06C7C998}.Release|Any CPU.ActiveCfg = Release|Any CPU
		{194A0371-46A4-40E2-9133-96CB06C7C998}.Release|Any CPU.Build.0 = Release|Any CPU
		{6A38BEDE-CC70-4E1C-B614-3E98B05CF9A4}.Debug|Any CPU.ActiveCfg = Debug|Any CPU
		{6A38BEDE-CC70-4E1C-B614-3E98B05CF9A4}.Debug|Any CPU.Build.0 = Debug|Any CPU
		{6A38BEDE-CC70-4E1C-B614-3E98B05CF9A4}.Release|Any CPU.ActiveCfg = Release|Any CPU
		{6A38BEDE-CC70-4E1C-B614-3E98B05CF9A4}.Release|Any CPU.Build.0 = Release|Any CPU
		{6FA4D165-8078-42BD-BE6D-FF8CD66157A4}.Debug|Any CPU.ActiveCfg = Debug|Any CPU
		{6FA4D165-8078-42BD-BE6D-FF8CD66157A4}.Debug|Any CPU.Build.0 = Debug|Any CPU
		{6FA4D165-8078-42BD-BE6D-FF8CD66157A4}.Release|Any CPU.ActiveCfg = Release|Any CPU
		{6FA4D165-8078-42BD-BE6D-FF8CD66157A4}.Release|Any CPU.Build.0 = Release|Any CPU
		{5A52EEDB-32BD-40D4-8975-B66533A2EDB4}.Debug|Any CPU.ActiveCfg = Debug|Any CPU
		{5A52EEDB-32BD-40D4-8975-B66533A2EDB4}.Debug|Any CPU.Build.0 = Debug|Any CPU
		{5A52EEDB-32BD-40D4-8975-B66533A2EDB4}.Release|Any CPU.ActiveCfg = Release|Any CPU
		{5A52EEDB-32BD-40D4-8975-B66533A2EDB4}.Release|Any CPU.Build.0 = Release|Any CPU
		{947E26D5-60AA-408E-B131-A62309294DE4}.Debug|Any CPU.ActiveCfg = Debug|Any CPU
		{947E26D5-60AA-408E-B131-A62309294DE4}.Debug|Any CPU.Build.0 = Debug|Any CPU
		{947E26D5-60AA-408E-B131-A62309294DE4}.Release|Any CPU.ActiveCfg = Release|Any CPU
		{947E26D5-60AA-408E-B131-A62309294DE4}.Release|Any CPU.Build.0 = Release|Any CPU
		{08CE7F9B-91BC-4EB3-84BF-11E93E9C8409}.Debug|Any CPU.ActiveCfg = Debug|Any CPU
		{08CE7F9B-91BC-4EB3-84BF-11E93E9C8409}.Debug|Any CPU.Build.0 = Debug|Any CPU
		{08CE7F9B-91BC-4EB3-84BF-11E93E9C8409}.Release|Any CPU.ActiveCfg = Release|Any CPU
		{08CE7F9B-91BC-4EB3-84BF-11E93E9C8409}.Release|Any CPU.Build.0 = Release|Any CPU
		{C12E47D0-A533-4B97-851D-84F61C28E89E}.Debug|Any CPU.ActiveCfg = Debug|Any CPU
		{C12E47D0-A533-4B97-851D-84F61C28E89E}.Debug|Any CPU.Build.0 = Debug|Any CPU
		{C12E47D0-A533-4B97-851D-84F61C28E89E}.Release|Any CPU.ActiveCfg = Release|Any CPU
		{C12E47D0-A533-4B97-851D-84F61C28E89E}.Release|Any CPU.Build.0 = Release|Any CPU
	EndGlobalSection
	GlobalSection(NestedProjects) = preSolution
		{6A38BEDE-CC70-4E1C-B614-3E98B05CF9A4} = {805C124A-7F4A-4C86-AB5C-472ED6046B1E}
		{194A0371-46A4-40E2-9133-96CB06C7C998} = {805C124A-7F4A-4C86-AB5C-472ED6046B1E}
		{5A52EEDB-32BD-40D4-8975-B66533A2EDB4} = {4E3B540B-41A4-4683-B65E-70AA390E283E}
		{6FA4D165-8078-42BD-BE6D-FF8CD66157A4} = {01833B00-4EAB-4443-BBD9-55E5D021D5A5}
		{947E26D5-60AA-408E-B131-A62309294DE4} = {ED4C65CF-9114-4D96-837C-2FCFCD29D88C}
		{08CE7F9B-91BC-4EB3-84BF-11E93E9C8409} = {0695E4A0-4A1B-4CAB-8495-B9405A129D73}
		{C12E47D0-A533-4B97-851D-84F61C28E89E} = {805C124A-7F4A-4C86-AB5C-472ED6046B1E}
	EndGlobalSection
EndGlobal
